
Microsoft Visual Studio Solution File, Format Version 12.00
# Visual Studio Version 16
VisualStudioVersion = 16.0.29102.190
MinimumVisualStudioVersion = 10.0.40219.1
Project("{FAE04EC0-301F-11D3-BF4B-00C04F79EFBC}") = "ArraysProject", "ArraysProject\ArraysProject.csproj", "{5C73FB66-FF17-4FE6-9D8C-AA289A4AE175}"
EndProject
Global
	GlobalSection(SolutionConfigurationPlatforms) = preSolution
		Debug|Any CPU = Debug|Any CPU
		Release|Any CPU = Release|Any CPU
	EndGlobalSection
	GlobalSection(ProjectConfigurationPlatforms) = postSolution
		{5C73FB66-FF17-4FE6-9D8C-AA289A4AE175}.Debug|Any CPU.ActiveCfg = Debug|Any CPU
		{5C73FB66-FF17-4FE6-9D8C-AA289A4AE175}.Debug|Any CPU.Build.0 = Debug|Any CPU
		{5C73FB66-FF17-4FE6-9D8C-AA289A4AE175}.Release|Any CPU.ActiveCfg = Release|Any CPU
		{5C73FB66-FF17-4FE6-9D8C-AA289A4AE175}.Release|Any CPU.Build.0 = Release|Any CPU
	EndGlobalSection
	GlobalSection(SolutionProperties) = preSolution
		HideSolutionNode = FALSE
	EndGlobalSection
	GlobalSection(ExtensibilityGlobals) = postSolution
		SolutionGuid = {64DDA103-6850-4020-90A4-D6A0756D9B56}
	EndGlobalSection
EndGlobal
